// !$*UTF8*$!
{
	archiveVersion = 1;
	classes = {
	};
	objectVersion = 56;
	objects = {

/* Begin PBXBuildFile section */
		C401CA4E2C98B68800A5BC9C /* PIXELifeApp.swift in Sources */ = {isa = PBXBuildFile; fileRef = C401CA4D2C98B68800A5BC9C /* PIXELifeApp.swift */; };
		C401CA502C98B68800A5BC9C /* MainView.swift in Sources */ = {isa = PBXBuildFile; fileRef = C401CA4F2C98B68800A5BC9C /* MainView.swift */; };
		C401CA522C98B68800A5BC9C /* Assets.xcassets in Resources */ = {isa = PBXBuildFile; fileRef = C401CA512C98B68800A5BC9C /* Assets.xcassets */; };
		C401CA552C98B68800A5BC9C /* Preview Assets.xcassets in Resources */ = {isa = PBXBuildFile; fileRef = C401CA542C98B68800A5BC9C /* Preview Assets.xcassets */; };
		C401CA5F2C98B68900A5BC9C /* PIXELifeTests.swift in Sources */ = {isa = PBXBuildFile; fileRef = C401CA5E2C98B68900A5BC9C /* PIXELifeTests.swift */; };
		C401CA692C98B68900A5BC9C /* PIXELifeUITests.swift in Sources */ = {isa = PBXBuildFile; fileRef = C401CA682C98B68900A5BC9C /* PIXELifeUITests.swift */; };
		C401CA6B2C98B68900A5BC9C /* PIXELifeUITestsLaunchTests.swift in Sources */ = {isa = PBXBuildFile; fileRef = C401CA6A2C98B68900A5BC9C /* PIXELifeUITestsLaunchTests.swift */; };
		C401CA7C2C98B99F00A5BC9C /* LoginView.swift in Sources */ = {isa = PBXBuildFile; fileRef = C401CA7B2C98B99F00A5BC9C /* LoginView.swift */; };
		C401CA7E2C98B9AE00A5BC9C /* RegisterView.swift in Sources */ = {isa = PBXBuildFile; fileRef = C401CA7D2C98B9AE00A5BC9C /* RegisterView.swift */; };
		C401CA802C98BADF00A5BC9C /* PixelAllSheetsView.swift in Sources */ = {isa = PBXBuildFile; fileRef = C401CA7F2C98BADF00A5BC9C /* PixelAllSheetsView.swift */; };
		C401CA822C98BAF300A5BC9C /* PixelSingleSheetView.swift in Sources */ = {isa = PBXBuildFile; fileRef = C401CA812C98BAF300A5BC9C /* PixelSingleSheetView.swift */; };
		C401CA842C98BB1700A5BC9C /* ProfileView.swift in Sources */ = {isa = PBXBuildFile; fileRef = C401CA832C98BB1700A5BC9C /* ProfileView.swift */; };
		C401CA8A2C9EC04200A5BC9C /* Minecraft.ttf in Resources */ = {isa = PBXBuildFile; fileRef = C401CA892C9EC04200A5BC9C /* Minecraft.ttf */; };
		C401CA8C2C9EC04E00A5BC9C /* Bungee-Regular.ttf in Resources */ = {isa = PBXBuildFile; fileRef = C401CA8B2C9EC04E00A5BC9C /* Bungee-Regular.ttf */; };
		C401CA902C9EC22E00A5BC9C /* HeaderView.swift in Sources */ = {isa = PBXBuildFile; fileRef = C401CA8F2C9EC22E00A5BC9C /* HeaderView.swift */; };
		C401CA922C9EC56D00A5BC9C /* PIXELOWE.TTF in Resources */ = {isa = PBXBuildFile; fileRef = C401CA912C9EC56D00A5BC9C /* PIXELOWE.TTF */; };
		C401CA942C9ECF4A00A5BC9C /* PIXELifeButton.swift in Sources */ = {isa = PBXBuildFile; fileRef = C401CA932C9ECF4A00A5BC9C /* PIXELifeButton.swift */; };
		C401CA972C9ED1A700A5BC9C /* LoginVievViewModel.swift in Sources */ = {isa = PBXBuildFile; fileRef = C401CA962C9ED1A700A5BC9C /* LoginVievViewModel.swift */; };
		C401CA992C9F10AF00A5BC9C /* WelcomeScreenView.swift in Sources */ = {isa = PBXBuildFile; fileRef = C401CA982C9F10AF00A5BC9C /* WelcomeScreenView.swift */; };
		C401CA9B2C9F1ACF00A5BC9C /* RegisterViewViewModel.swift in Sources */ = {isa = PBXBuildFile; fileRef = C401CA9A2C9F1ACF00A5BC9C /* RegisterViewViewModel.swift */; };
		C401CA9D2C9F567700A5BC9C /* PixelSingleSheetViewViewModel.swift in Sources */ = {isa = PBXBuildFile; fileRef = C401CA9C2C9F567700A5BC9C /* PixelSingleSheetViewViewModel.swift */; };
		C401CB882CDD3E5A00A5BC9C /* DayInfo.swift in Sources */ = {isa = PBXBuildFile; fileRef = C401CB872CDD3E5A00A5BC9C /* DayInfo.swift */; };
		C401CB8A2CDD449900A5BC9C /* DayInfoView.swift in Sources */ = {isa = PBXBuildFile; fileRef = C401CB892CDD449900A5BC9C /* DayInfoView.swift */; };
		C401CB8C2CE0DFFE00A5BC9C /* RateTheDayView.swift in Sources */ = {isa = PBXBuildFile; fileRef = C401CB8B2CE0DFFE00A5BC9C /* RateTheDayView.swift */; };
		C401CB8E2CE0E62500A5BC9C /* SingleRatingView.swift in Sources */ = {isa = PBXBuildFile; fileRef = C401CB8D2CE0E62500A5BC9C /* SingleRatingView.swift */; };
		C4A2404A2CE1484400F3DD16 /* YearInPixelsView.swift in Sources */ = {isa = PBXBuildFile; fileRef = C4A240492CE1484400F3DD16 /* YearInPixelsView.swift */; };
		C4A2404C2CE5277F00F3DD16 /* DayRating.swift in Sources */ = {isa = PBXBuildFile; fileRef = C4A2404B2CE5277F00F3DD16 /* DayRating.swift */; };
		C4A2404E2CE5299000F3DD16 /* DayCellView.swift in Sources */ = {isa = PBXBuildFile; fileRef = C4A2404D2CE5299000F3DD16 /* DayCellView.swift */; };
		C4A240502CE743EB00F3DD16 /* YearData.swift in Sources */ = {isa = PBXBuildFile; fileRef = C4A2404F2CE743EB00F3DD16 /* YearData.swift */; };
		C4A2408E2CEDFB8B00F3DD16 /* DayRatingDescription.swift in Sources */ = {isa = PBXBuildFile; fileRef = C4A2408D2CEDFB8B00F3DD16 /* DayRatingDescription.swift */; };
		C4A240902CF2008400F3DD16 /* Test.swift in Sources */ = {isa = PBXBuildFile; fileRef = C4A2408F2CF2008400F3DD16 /* Test.swift */; };
		C4A240922D061D1A00F3DD16 /* DescriptionsListView.swift in Sources */ = {isa = PBXBuildFile; fileRef = C4A240912D061D1A00F3DD16 /* DescriptionsListView.swift */; };
		C4A240952D072DBE00F3DD16 /* PhotoPreviewView.swift in Sources */ = {isa = PBXBuildFile; fileRef = C4A240942D072DBE00F3DD16 /* PhotoPreviewView.swift */; };
		C4A240992D0732DD00F3DD16 /* PhotoPickerView.swift in Sources */ = {isa = PBXBuildFile; fileRef = C4A240982D0732DD00F3DD16 /* PhotoPickerView.swift */; };
		C4E29BD52D19519B003B9DFB /* FirebaseAuth in Frameworks */ = {isa = PBXBuildFile; productRef = C4E29BD42D19519B003B9DFB /* FirebaseAuth */; };
		C4E29BD72D19519B003B9DFB /* FirebaseFirestore in Frameworks */ = {isa = PBXBuildFile; productRef = C4E29BD62D19519B003B9DFB /* FirebaseFirestore */; };
		C4E29BDD2D22FCB6003B9DFB /* ProfileViewViewModel.swift in Sources */ = {isa = PBXBuildFile; fileRef = C4E29BDC2D22FCB6003B9DFB /* ProfileViewViewModel.swift */; };
		C4E29BDF2D22FD46003B9DFB /* User.swift in Sources */ = {isa = PBXBuildFile; fileRef = C4E29BDE2D22FD46003B9DFB /* User.swift */; };
		C4E29BE12D23048B003B9DFB /* Extensions.swift in Sources */ = {isa = PBXBuildFile; fileRef = C4E29BE02D23048B003B9DFB /* Extensions.swift */; };
		C4E29BE42D230990003B9DFB /* MainViewViewModel.swift in Sources */ = {isa = PBXBuildFile; fileRef = C4E29BE32D230990003B9DFB /* MainViewViewModel.swift */; };
		C4E29BE62D2D7BB4003B9DFB /* GoogleService-Info.plist in Resources */ = {isa = PBXBuildFile; fileRef = C4E29BE52D2D7BB4003B9DFB /* GoogleService-Info.plist */; };
/* End PBXBuildFile section */

/* Begin PBXContainerItemProxy section */
		C401CA5B2C98B68900A5BC9C /* PBXContainerItemProxy */ = {
			isa = PBXContainerItemProxy;
			containerPortal = C401CA422C98B68800A5BC9C /* Project object */;
			proxyType = 1;
			remoteGlobalIDString = C401CA492C98B68800A5BC9C;
			remoteInfo = PIXELife;
		};
		C401CA652C98B68900A5BC9C /* PBXContainerItemProxy */ = {
			isa = PBXContainerItemProxy;
			containerPortal = C401CA422C98B68800A5BC9C /* Project object */;
			proxyType = 1;
			remoteGlobalIDString = C401CA492C98B68800A5BC9C;
			remoteInfo = PIXELife;
		};
/* End PBXContainerItemProxy section */

/* Begin PBXFileReference section */
		C401CA4A2C98B68800A5BC9C /* PIXELife.app */ = {isa = PBXFileReference; explicitFileType = wrapper.application; includeInIndex = 0; path = PIXELife.app; sourceTree = BUILT_PRODUCTS_DIR; };
		C401CA4D2C98B68800A5BC9C /* PIXELifeApp.swift */ = {isa = PBXFileReference; lastKnownFileType = sourcecode.swift; path = PIXELifeApp.swift; sourceTree = "<group>"; };
		C401CA4F2C98B68800A5BC9C /* MainView.swift */ = {isa = PBXFileReference; lastKnownFileType = sourcecode.swift; path = MainView.swift; sourceTree = "<group>"; };
		C401CA512C98B68800A5BC9C /* Assets.xcassets */ = {isa = PBXFileReference; lastKnownFileType = folder.assetcatalog; path = Assets.xcassets; sourceTree = "<group>"; };
		C401CA542C98B68800A5BC9C /* Preview Assets.xcassets */ = {isa = PBXFileReference; lastKnownFileType = folder.assetcatalog; path = "Preview Assets.xcassets"; sourceTree = "<group>"; };
		C401CA5A2C98B68900A5BC9C /* PIXELifeTests.xctest */ = {isa = PBXFileReference; explicitFileType = wrapper.cfbundle; includeInIndex = 0; path = PIXELifeTests.xctest; sourceTree = BUILT_PRODUCTS_DIR; };
		C401CA5E2C98B68900A5BC9C /* PIXELifeTests.swift */ = {isa = PBXFileReference; lastKnownFileType = sourcecode.swift; path = PIXELifeTests.swift; sourceTree = "<group>"; };
		C401CA642C98B68900A5BC9C /* PIXELifeUITests.xctest */ = {isa = PBXFileReference; explicitFileType = wrapper.cfbundle; includeInIndex = 0; path = PIXELifeUITests.xctest; sourceTree = BUILT_PRODUCTS_DIR; };
		C401CA682C98B68900A5BC9C /* PIXELifeUITests.swift */ = {isa = PBXFileReference; lastKnownFileType = sourcecode.swift; path = PIXELifeUITests.swift; sourceTree = "<group>"; };
		C401CA6A2C98B68900A5BC9C /* PIXELifeUITestsLaunchTests.swift */ = {isa = PBXFileReference; lastKnownFileType = sourcecode.swift; path = PIXELifeUITestsLaunchTests.swift; sourceTree = "<group>"; };
		C401CA7B2C98B99F00A5BC9C /* LoginView.swift */ = {isa = PBXFileReference; lastKnownFileType = sourcecode.swift; path = LoginView.swift; sourceTree = "<group>"; };
		C401CA7D2C98B9AE00A5BC9C /* RegisterView.swift */ = {isa = PBXFileReference; lastKnownFileType = sourcecode.swift; path = RegisterView.swift; sourceTree = "<group>"; };
		C401CA7F2C98BADF00A5BC9C /* PixelAllSheetsView.swift */ = {isa = PBXFileReference; lastKnownFileType = sourcecode.swift; path = PixelAllSheetsView.swift; sourceTree = "<group>"; };
		C401CA812C98BAF300A5BC9C /* PixelSingleSheetView.swift */ = {isa = PBXFileReference; lastKnownFileType = sourcecode.swift; path = PixelSingleSheetView.swift; sourceTree = "<group>"; };
		C401CA832C98BB1700A5BC9C /* ProfileView.swift */ = {isa = PBXFileReference; lastKnownFileType = sourcecode.swift; path = ProfileView.swift; sourceTree = "<group>"; };
		C401CA852C9EBFB200A5BC9C /* Info.plist */ = {isa = PBXFileReference; lastKnownFileType = text.plist; path = Info.plist; sourceTree = "<group>"; };
		C401CA892C9EC04200A5BC9C /* Minecraft.ttf */ = {isa = PBXFileReference; lastKnownFileType = file; path = Minecraft.ttf; sourceTree = "<group>"; };
		C401CA8B2C9EC04E00A5BC9C /* Bungee-Regular.ttf */ = {isa = PBXFileReference; lastKnownFileType = file; path = "Bungee-Regular.ttf"; sourceTree = "<group>"; };
		C401CA8F2C9EC22E00A5BC9C /* HeaderView.swift */ = {isa = PBXFileReference; lastKnownFileType = sourcecode.swift; path = HeaderView.swift; sourceTree = "<group>"; };
		C401CA912C9EC56D00A5BC9C /* PIXELOWE.TTF */ = {isa = PBXFileReference; lastKnownFileType = file; path = PIXELOWE.TTF; sourceTree = "<group>"; };
		C401CA932C9ECF4A00A5BC9C /* PIXELifeButton.swift */ = {isa = PBXFileReference; lastKnownFileType = sourcecode.swift; path = PIXELifeButton.swift; sourceTree = "<group>"; };
		C401CA962C9ED1A700A5BC9C /* LoginVievViewModel.swift */ = {isa = PBXFileReference; lastKnownFileType = sourcecode.swift; path = LoginVievViewModel.swift; sourceTree = "<group>"; };
		C401CA982C9F10AF00A5BC9C /* WelcomeScreenView.swift */ = {isa = PBXFileReference; lastKnownFileType = sourcecode.swift; path = WelcomeScreenView.swift; sourceTree = "<group>"; };
		C401CA9A2C9F1ACF00A5BC9C /* RegisterViewViewModel.swift */ = {isa = PBXFileReference; lastKnownFileType = sourcecode.swift; path = RegisterViewViewModel.swift; sourceTree = "<group>"; };
		C401CA9C2C9F567700A5BC9C /* PixelSingleSheetViewViewModel.swift */ = {isa = PBXFileReference; lastKnownFileType = sourcecode.swift; path = PixelSingleSheetViewViewModel.swift; sourceTree = "<group>"; };
		C401CB872CDD3E5A00A5BC9C /* DayInfo.swift */ = {isa = PBXFileReference; lastKnownFileType = sourcecode.swift; path = DayInfo.swift; sourceTree = "<group>"; };
		C401CB892CDD449900A5BC9C /* DayInfoView.swift */ = {isa = PBXFileReference; lastKnownFileType = sourcecode.swift; path = DayInfoView.swift; sourceTree = "<group>"; };
		C401CB8B2CE0DFFE00A5BC9C /* RateTheDayView.swift */ = {isa = PBXFileReference; lastKnownFileType = sourcecode.swift; path = RateTheDayView.swift; sourceTree = "<group>"; };
		C401CB8D2CE0E62500A5BC9C /* SingleRatingView.swift */ = {isa = PBXFileReference; lastKnownFileType = sourcecode.swift; path = SingleRatingView.swift; sourceTree = "<group>"; };
		C4A240492CE1484400F3DD16 /* YearInPixelsView.swift */ = {isa = PBXFileReference; lastKnownFileType = sourcecode.swift; path = YearInPixelsView.swift; sourceTree = "<group>"; };
		C4A2404B2CE5277F00F3DD16 /* DayRating.swift */ = {isa = PBXFileReference; lastKnownFileType = sourcecode.swift; path = DayRating.swift; sourceTree = "<group>"; };
		C4A2404D2CE5299000F3DD16 /* DayCellView.swift */ = {isa = PBXFileReference; lastKnownFileType = sourcecode.swift; path = DayCellView.swift; sourceTree = "<group>"; };
		C4A2404F2CE743EB00F3DD16 /* YearData.swift */ = {isa = PBXFileReference; lastKnownFileType = sourcecode.swift; path = YearData.swift; sourceTree = "<group>"; };
		C4A2408D2CEDFB8B00F3DD16 /* DayRatingDescription.swift */ = {isa = PBXFileReference; lastKnownFileType = sourcecode.swift; path = DayRatingDescription.swift; sourceTree = "<group>"; };
		C4A2408F2CF2008400F3DD16 /* Test.swift */ = {isa = PBXFileReference; lastKnownFileType = sourcecode.swift; path = Test.swift; sourceTree = "<group>"; };
		C4A240912D061D1A00F3DD16 /* DescriptionsListView.swift */ = {isa = PBXFileReference; lastKnownFileType = sourcecode.swift; path = DescriptionsListView.swift; sourceTree = "<group>"; };
		C4A240942D072DBE00F3DD16 /* PhotoPreviewView.swift */ = {isa = PBXFileReference; lastKnownFileType = sourcecode.swift; path = PhotoPreviewView.swift; sourceTree = "<group>"; };
		C4A240982D0732DD00F3DD16 /* PhotoPickerView.swift */ = {isa = PBXFileReference; lastKnownFileType = sourcecode.swift; path = PhotoPickerView.swift; sourceTree = "<group>"; };
		C4E29BDC2D22FCB6003B9DFB /* ProfileViewViewModel.swift */ = {isa = PBXFileReference; lastKnownFileType = sourcecode.swift; path = ProfileViewViewModel.swift; sourceTree = "<group>"; };
		C4E29BDE2D22FD46003B9DFB /* User.swift */ = {isa = PBXFileReference; lastKnownFileType = sourcecode.swift; path = User.swift; sourceTree = "<group>"; };
		C4E29BE02D23048B003B9DFB /* Extensions.swift */ = {isa = PBXFileReference; lastKnownFileType = sourcecode.swift; path = Extensions.swift; sourceTree = "<group>"; };
		C4E29BE32D230990003B9DFB /* MainViewViewModel.swift */ = {isa = PBXFileReference; lastKnownFileType = sourcecode.swift; path = MainViewViewModel.swift; sourceTree = "<group>"; };
		C4E29BE52D2D7BB4003B9DFB /* GoogleService-Info.plist */ = {isa = PBXFileReference; fileEncoding = 4; lastKnownFileType = text.plist.xml; path = "GoogleService-Info.plist"; sourceTree = "<group>"; };
/* End PBXFileReference section */

/* Begin PBXFrameworksBuildPhase section */
		C401CA472C98B68800A5BC9C /* Frameworks */ = {
			isa = PBXFrameworksBuildPhase;
			buildActionMask = 2147483647;
			files = (
				C4E29BD52D19519B003B9DFB /* FirebaseAuth in Frameworks */,
				C4E29BD72D19519B003B9DFB /* FirebaseFirestore in Frameworks */,
			);
			runOnlyForDeploymentPostprocessing = 0;
		};
		C401CA572C98B68900A5BC9C /* Frameworks */ = {
			isa = PBXFrameworksBuildPhase;
			buildActionMask = 2147483647;
			files = (
			);
			runOnlyForDeploymentPostprocessing = 0;
		};
		C401CA612C98B68900A5BC9C /* Frameworks */ = {
			isa = PBXFrameworksBuildPhase;
			buildActionMask = 2147483647;
			files = (
			);
			runOnlyForDeploymentPostprocessing = 0;
		};
/* End PBXFrameworksBuildPhase section */

/* Begin PBXGroup section */
		C401CA412C98B68800A5BC9C = {
			isa = PBXGroup;
			children = (
				C401CA882C9EC02F00A5BC9C /* Fonts */,
				C401CA7A2C98B78D00A5BC9C /* Other */,
				C401CA792C98B78600A5BC9C /* ViewModels */,
				C401CA782C98B77B00A5BC9C /* Models */,
				C401CA772C98B77200A5BC9C /* Views */,
				C401CA4C2C98B68800A5BC9C /* PIXELife */,
				C401CA5D2C98B68900A5BC9C /* PIXELifeTests */,
				C401CA672C98B68900A5BC9C /* PIXELifeUITests */,
				C401CA4B2C98B68800A5BC9C /* Products */,
			);
			sourceTree = "<group>";
		};
		C401CA4B2C98B68800A5BC9C /* Products */ = {
			isa = PBXGroup;
			children = (
				C401CA4A2C98B68800A5BC9C /* PIXELife.app */,
				C401CA5A2C98B68900A5BC9C /* PIXELifeTests.xctest */,
				C401CA642C98B68900A5BC9C /* PIXELifeUITests.xctest */,
			);
			name = Products;
			sourceTree = "<group>";
		};
		C401CA4C2C98B68800A5BC9C /* PIXELife */ = {
			isa = PBXGroup;
			children = (
				C4E29BE52D2D7BB4003B9DFB /* GoogleService-Info.plist */,
				C401CA852C9EBFB200A5BC9C /* Info.plist */,
				C401CA4D2C98B68800A5BC9C /* PIXELifeApp.swift */,
				C401CA512C98B68800A5BC9C /* Assets.xcassets */,
				C401CA532C98B68800A5BC9C /* Preview Content */,
			);
			path = PIXELife;
			sourceTree = "<group>";
		};
		C401CA532C98B68800A5BC9C /* Preview Content */ = {
			isa = PBXGroup;
			children = (
				C401CA542C98B68800A5BC9C /* Preview Assets.xcassets */,
			);
			path = "Preview Content";
			sourceTree = "<group>";
		};
		C401CA5D2C98B68900A5BC9C /* PIXELifeTests */ = {
			isa = PBXGroup;
			children = (
				C401CA5E2C98B68900A5BC9C /* PIXELifeTests.swift */,
			);
			path = PIXELifeTests;
			sourceTree = "<group>";
		};
		C401CA672C98B68900A5BC9C /* PIXELifeUITests */ = {
			isa = PBXGroup;
			children = (
				C401CA682C98B68900A5BC9C /* PIXELifeUITests.swift */,
				C401CA6A2C98B68900A5BC9C /* PIXELifeUITestsLaunchTests.swift */,
			);
			path = PIXELifeUITests;
			sourceTree = "<group>";
		};
		C401CA772C98B77200A5BC9C /* Views */ = {
			isa = PBXGroup;
			children = (
				C401CA4F2C98B68800A5BC9C /* MainView.swift */,
				C401CA7D2C98B9AE00A5BC9C /* RegisterView.swift */,
				C401CA8F2C9EC22E00A5BC9C /* HeaderView.swift */,
				C401CA7B2C98B99F00A5BC9C /* LoginView.swift */,
				C401CA982C9F10AF00A5BC9C /* WelcomeScreenView.swift */,
				C4A240492CE1484400F3DD16 /* YearInPixelsView.swift */,
				C401CB8B2CE0DFFE00A5BC9C /* RateTheDayView.swift */,
				C401CA7F2C98BADF00A5BC9C /* PixelAllSheetsView.swift */,
				C401CA812C98BAF300A5BC9C /* PixelSingleSheetView.swift */,
				C401CA832C98BB1700A5BC9C /* ProfileView.swift */,
				C401CB892CDD449900A5BC9C /* DayInfoView.swift */,
				C401CB8D2CE0E62500A5BC9C /* SingleRatingView.swift */,
				C4A2404D2CE5299000F3DD16 /* DayCellView.swift */,
				C4A2408D2CEDFB8B00F3DD16 /* DayRatingDescription.swift */,
				C4A2408F2CF2008400F3DD16 /* Test.swift */,
				C4A240912D061D1A00F3DD16 /* DescriptionsListView.swift */,
				C4A240942D072DBE00F3DD16 /* PhotoPreviewView.swift */,
				C4A240982D0732DD00F3DD16 /* PhotoPickerView.swift */,
				C401CA932C9ECF4A00A5BC9C /* PIXELifeButton.swift */,
			);
			path = Views;
			sourceTree = "<group>";
		};
		C401CA782C98B77B00A5BC9C /* Models */ = {
			isa = PBXGroup;
			children = (
				C401CB872CDD3E5A00A5BC9C /* DayInfo.swift */,
				C4A2404B2CE5277F00F3DD16 /* DayRating.swift */,
				C4A2404F2CE743EB00F3DD16 /* YearData.swift */,
				C4E29BDE2D22FD46003B9DFB /* User.swift */,
			);
			path = Models;
			sourceTree = "<group>";
		};
		C401CA792C98B78600A5BC9C /* ViewModels */ = {
			isa = PBXGroup;
			children = (
				C401CA962C9ED1A700A5BC9C /* LoginVievViewModel.swift */,
				C401CA9A2C9F1ACF00A5BC9C /* RegisterViewViewModel.swift */,
				C401CA9C2C9F567700A5BC9C /* PixelSingleSheetViewViewModel.swift */,
				C4E29BDC2D22FCB6003B9DFB /* ProfileViewViewModel.swift */,
				C4E29BE32D230990003B9DFB /* MainViewViewModel.swift */,
			);
			path = ViewModels;
			sourceTree = "<group>";
		};
		C401CA7A2C98B78D00A5BC9C /* Other */ = {
			isa = PBXGroup;
			children = (
				C4E29BE02D23048B003B9DFB /* Extensions.swift */,
			);
			path = Other;
			sourceTree = "<group>";
		};
		C401CA882C9EC02F00A5BC9C /* Fonts */ = {
			isa = PBXGroup;
			children = (
				C401CA892C9EC04200A5BC9C /* Minecraft.ttf */,
				C401CA8B2C9EC04E00A5BC9C /* Bungee-Regular.ttf */,
				C401CA912C9EC56D00A5BC9C /* PIXELOWE.TTF */,
			);
			path = Fonts;
			sourceTree = "<group>";
		};
/* End PBXGroup section */

/* Begin PBXNativeTarget section */
		C401CA492C98B68800A5BC9C /* PIXELife */ = {
			isa = PBXNativeTarget;
			buildConfigurationList = C401CA6E2C98B68900A5BC9C /* Build configuration list for PBXNativeTarget "PIXELife" */;
			buildPhases = (
				C401CA462C98B68800A5BC9C /* Sources */,
				C401CA472C98B68800A5BC9C /* Frameworks */,
				C401CA482C98B68800A5BC9C /* Resources */,
			);
			buildRules = (
			);
			dependencies = (
			);
			name = PIXELife;
			packageProductDependencies = (
				C4E29BD42D19519B003B9DFB /* FirebaseAuth */,
				C4E29BD62D19519B003B9DFB /* FirebaseFirestore */,
			);
			productName = PIXELife;
			productReference = C401CA4A2C98B68800A5BC9C /* PIXELife.app */;
			productType = "com.apple.product-type.application";
		};
		C401CA592C98B68900A5BC9C /* PIXELifeTests */ = {
			isa = PBXNativeTarget;
			buildConfigurationList = C401CA712C98B68900A5BC9C /* Build configuration list for PBXNativeTarget "PIXELifeTests" */;
			buildPhases = (
				C401CA562C98B68900A5BC9C /* Sources */,
				C401CA572C98B68900A5BC9C /* Frameworks */,
				C401CA582C98B68900A5BC9C /* Resources */,
			);
			buildRules = (
			);
			dependencies = (
				C401CA5C2C98B68900A5BC9C /* PBXTargetDependency */,
			);
			name = PIXELifeTests;
			productName = PIXELifeTests;
			productReference = C401CA5A2C98B68900A5BC9C /* PIXELifeTests.xctest */;
			productType = "com.apple.product-type.bundle.unit-test";
		};
		C401CA632C98B68900A5BC9C /* PIXELifeUITests */ = {
			isa = PBXNativeTarget;
			buildConfigurationList = C401CA742C98B68900A5BC9C /* Build configuration list for PBXNativeTarget "PIXELifeUITests" */;
			buildPhases = (
				C401CA602C98B68900A5BC9C /* Sources */,
				C401CA612C98B68900A5BC9C /* Frameworks */,
				C401CA622C98B68900A5BC9C /* Resources */,
			);
			buildRules = (
			);
			dependencies = (
				C401CA662C98B68900A5BC9C /* PBXTargetDependency */,
			);
			name = PIXELifeUITests;
			productName = PIXELifeUITests;
			productReference = C401CA642C98B68900A5BC9C /* PIXELifeUITests.xctest */;
			productType = "com.apple.product-type.bundle.ui-testing";
		};
/* End PBXNativeTarget section */

/* Begin PBXProject section */
		C401CA422C98B68800A5BC9C /* Project object */ = {
			isa = PBXProject;
			attributes = {
				BuildIndependentTargetsInParallel = 1;
				LastSwiftUpdateCheck = 1540;
				LastUpgradeCheck = 1540;
				TargetAttributes = {
					C401CA492C98B68800A5BC9C = {
						CreatedOnToolsVersion = 15.4;
					};
					C401CA592C98B68900A5BC9C = {
						CreatedOnToolsVersion = 15.4;
						TestTargetID = C401CA492C98B68800A5BC9C;
					};
					C401CA632C98B68900A5BC9C = {
						CreatedOnToolsVersion = 15.4;
						TestTargetID = C401CA492C98B68800A5BC9C;
					};
				};
			};
			buildConfigurationList = C401CA452C98B68800A5BC9C /* Build configuration list for PBXProject "PIXELife" */;
			compatibilityVersion = "Xcode 14.0";
			developmentRegion = en;
			hasScannedForEncodings = 0;
			knownRegions = (
				en,
				Base,
			);
			mainGroup = C401CA412C98B68800A5BC9C;
			packageReferences = (
				C4E29BD32D195076003B9DFB /* XCRemoteSwiftPackageReference "firebase-ios-sdk" */,
			);
			productRefGroup = C401CA4B2C98B68800A5BC9C /* Products */;
			projectDirPath = "";
			projectRoot = "";
			targets = (
				C401CA492C98B68800A5BC9C /* PIXELife */,
				C401CA592C98B68900A5BC9C /* PIXELifeTests */,
				C401CA632C98B68900A5BC9C /* PIXELifeUITests */,
			);
		};
/* End PBXProject section */

/* Begin PBXResourcesBuildPhase section */
		C401CA482C98B68800A5BC9C /* Resources */ = {
			isa = PBXResourcesBuildPhase;
			buildActionMask = 2147483647;
			files = (
				C401CA8A2C9EC04200A5BC9C /* Minecraft.ttf in Resources */,
				C401CA552C98B68800A5BC9C /* Preview Assets.xcassets in Resources */,
				C401CA522C98B68800A5BC9C /* Assets.xcassets in Resources */,
				C401CA8C2C9EC04E00A5BC9C /* Bungee-Regular.ttf in Resources */,
				C401CA922C9EC56D00A5BC9C /* PIXELOWE.TTF in Resources */,
				C4E29BE62D2D7BB4003B9DFB /* GoogleService-Info.plist in Resources */,
			);
			runOnlyForDeploymentPostprocessing = 0;
		};
		C401CA582C98B68900A5BC9C /* Resources */ = {
			isa = PBXResourcesBuildPhase;
			buildActionMask = 2147483647;
			files = (
			);
			runOnlyForDeploymentPostprocessing = 0;
		};
		C401CA622C98B68900A5BC9C /* Resources */ = {
			isa = PBXResourcesBuildPhase;
			buildActionMask = 2147483647;
			files = (
			);
			runOnlyForDeploymentPostprocessing = 0;
		};
/* End PBXResourcesBuildPhase section */

/* Begin PBXSourcesBuildPhase section */
		C401CA462C98B68800A5BC9C /* Sources */ = {
			isa = PBXSourcesBuildPhase;
			buildActionMask = 2147483647;
			files = (
				C401CB8A2CDD449900A5BC9C /* DayInfoView.swift in Sources */,
				C401CA802C98BADF00A5BC9C /* PixelAllSheetsView.swift in Sources */,
				C401CA822C98BAF300A5BC9C /* PixelSingleSheetView.swift in Sources */,
				C401CB882CDD3E5A00A5BC9C /* DayInfo.swift in Sources */,
				C401CA9B2C9F1ACF00A5BC9C /* RegisterViewViewModel.swift in Sources */,
				C4A2404A2CE1484400F3DD16 /* YearInPixelsView.swift in Sources */,
				C401CA9D2C9F567700A5BC9C /* PixelSingleSheetViewViewModel.swift in Sources */,
				C4E29BE12D23048B003B9DFB /* Extensions.swift in Sources */,
				C4E29BE42D230990003B9DFB /* MainViewViewModel.swift in Sources */,
				C4A2404E2CE5299000F3DD16 /* DayCellView.swift in Sources */,
				C401CA972C9ED1A700A5BC9C /* LoginVievViewModel.swift in Sources */,
				C401CA992C9F10AF00A5BC9C /* WelcomeScreenView.swift in Sources */,
				C401CB8E2CE0E62500A5BC9C /* SingleRatingView.swift in Sources */,
				C4A240992D0732DD00F3DD16 /* PhotoPickerView.swift in Sources */,
				C4A240922D061D1A00F3DD16 /* DescriptionsListView.swift in Sources */,
				C401CA7C2C98B99F00A5BC9C /* LoginView.swift in Sources */,
				C4E29BDD2D22FCB6003B9DFB /* ProfileViewViewModel.swift in Sources */,
				C401CA7E2C98B9AE00A5BC9C /* RegisterView.swift in Sources */,
				C401CA502C98B68800A5BC9C /* MainView.swift in Sources */,
				C401CA942C9ECF4A00A5BC9C /* PIXELifeButton.swift in Sources */,
				C4A240902CF2008400F3DD16 /* Test.swift in Sources */,
				C401CA842C98BB1700A5BC9C /* ProfileView.swift in Sources */,
				C4E29BDF2D22FD46003B9DFB /* User.swift in Sources */,
				C4A2408E2CEDFB8B00F3DD16 /* DayRatingDescription.swift in Sources */,
				C401CA4E2C98B68800A5BC9C /* PIXELifeApp.swift in Sources */,
				C4A2404C2CE5277F00F3DD16 /* DayRating.swift in Sources */,
				C401CB8C2CE0DFFE00A5BC9C /* RateTheDayView.swift in Sources */,
				C4A240502CE743EB00F3DD16 /* YearData.swift in Sources */,
				C4A240952D072DBE00F3DD16 /* PhotoPreviewView.swift in Sources */,
				C401CA902C9EC22E00A5BC9C /* HeaderView.swift in Sources */,
			);
			runOnlyForDeploymentPostprocessing = 0;
		};
		C401CA562C98B68900A5BC9C /* Sources */ = {
			isa = PBXSourcesBuildPhase;
			buildActionMask = 2147483647;
			files = (
				C401CA5F2C98B68900A5BC9C /* PIXELifeTests.swift in Sources */,
			);
			runOnlyForDeploymentPostprocessing = 0;
		};
		C401CA602C98B68900A5BC9C /* Sources */ = {
			isa = PBXSourcesBuildPhase;
			buildActionMask = 2147483647;
			files = (
				C401CA6B2C98B68900A5BC9C /* PIXELifeUITestsLaunchTests.swift in Sources */,
				C401CA692C98B68900A5BC9C /* PIXELifeUITests.swift in Sources */,
			);
			runOnlyForDeploymentPostprocessing = 0;
		};
/* End PBXSourcesBuildPhase section */

/* Begin PBXTargetDependency section */
		C401CA5C2C98B68900A5BC9C /* PBXTargetDependency */ = {
			isa = PBXTargetDependency;
			target = C401CA492C98B68800A5BC9C /* PIXELife */;
			targetProxy = C401CA5B2C98B68900A5BC9C /* PBXContainerItemProxy */;
		};
		C401CA662C98B68900A5BC9C /* PBXTargetDependency */ = {
			isa = PBXTargetDependency;
			target = C401CA492C98B68800A5BC9C /* PIXELife */;
			targetProxy = C401CA652C98B68900A5BC9C /* PBXContainerItemProxy */;
		};
/* End PBXTargetDependency section */

/* Begin XCBuildConfiguration section */
		C401CA6C2C98B68900A5BC9C /* Debug */ = {
			isa = XCBuildConfiguration;
			buildSettings = {
				ALWAYS_SEARCH_USER_PATHS = NO;
				ASSETCATALOG_COMPILER_GENERATE_SWIFT_ASSET_SYMBOL_EXTENSIONS = YES;
				CLANG_ANALYZER_NONNULL = YES;
				CLANG_ANALYZER_NUMBER_OBJECT_CONVERSION = YES_AGGRESSIVE;
				CLANG_CXX_LANGUAGE_STANDARD = "gnu++20";
				CLANG_ENABLE_MODULES = YES;
				CLANG_ENABLE_OBJC_ARC = YES;
				CLANG_ENABLE_OBJC_WEAK = YES;
				CLANG_WARN_BLOCK_CAPTURE_AUTORELEASING = YES;
				CLANG_WARN_BOOL_CONVERSION = YES;
				CLANG_WARN_COMMA = YES;
				CLANG_WARN_CONSTANT_CONVERSION = YES;
				CLANG_WARN_DEPRECATED_OBJC_IMPLEMENTATIONS = YES;
				CLANG_WARN_DIRECT_OBJC_ISA_USAGE = YES_ERROR;
				CLANG_WARN_DOCUMENTATION_COMMENTS = YES;
				CLANG_WARN_EMPTY_BODY = YES;
				CLANG_WARN_ENUM_CONVERSION = YES;
				CLANG_WARN_INFINITE_RECURSION = YES;
				CLANG_WARN_INT_CONVERSION = YES;
				CLANG_WARN_NON_LITERAL_NULL_CONVERSION = YES;
				CLANG_WARN_OBJC_IMPLICIT_RETAIN_SELF = YES;
				CLANG_WARN_OBJC_LITERAL_CONVERSION = YES;
				CLANG_WARN_OBJC_ROOT_CLASS = YES_ERROR;
				CLANG_WARN_QUOTED_INCLUDE_IN_FRAMEWORK_HEADER = YES;
				CLANG_WARN_RANGE_LOOP_ANALYSIS = YES;
				CLANG_WARN_STRICT_PROTOTYPES = YES;
				CLANG_WARN_SUSPICIOUS_MOVE = YES;
				CLANG_WARN_UNGUARDED_AVAILABILITY = YES_AGGRESSIVE;
				CLANG_WARN_UNREACHABLE_CODE = YES;
				CLANG_WARN__DUPLICATE_METHOD_MATCH = YES;
				COPY_PHASE_STRIP = NO;
				DEBUG_INFORMATION_FORMAT = dwarf;
				ENABLE_STRICT_OBJC_MSGSEND = YES;
				ENABLE_TESTABILITY = YES;
				ENABLE_USER_SCRIPT_SANDBOXING = YES;
				GCC_C_LANGUAGE_STANDARD = gnu17;
				GCC_DYNAMIC_NO_PIC = NO;
				GCC_NO_COMMON_BLOCKS = YES;
				GCC_OPTIMIZATION_LEVEL = 0;
				GCC_PREPROCESSOR_DEFINITIONS = (
					"DEBUG=1",
					"$(inherited)",
				);
				GCC_WARN_64_TO_32_BIT_CONVERSION = YES;
				GCC_WARN_ABOUT_RETURN_TYPE = YES_ERROR;
				GCC_WARN_UNDECLARED_SELECTOR = YES;
				GCC_WARN_UNINITIALIZED_AUTOS = YES_AGGRESSIVE;
				GCC_WARN_UNUSED_FUNCTION = YES;
				GCC_WARN_UNUSED_VARIABLE = YES;
				IPHONEOS_DEPLOYMENT_TARGET = 17.5;
				LOCALIZATION_PREFERS_STRING_CATALOGS = YES;
				MTL_ENABLE_DEBUG_INFO = INCLUDE_SOURCE;
				MTL_FAST_MATH = YES;
				ONLY_ACTIVE_ARCH = YES;
				SDKROOT = iphoneos;
				SWIFT_ACTIVE_COMPILATION_CONDITIONS = "DEBUG $(inherited)";
				SWIFT_OPTIMIZATION_LEVEL = "-Onone";
			};
			name = Debug;
		};
		C401CA6D2C98B68900A5BC9C /* Release */ = {
			isa = XCBuildConfiguration;
			buildSettings = {
				ALWAYS_SEARCH_USER_PATHS = NO;
				ASSETCATALOG_COMPILER_GENERATE_SWIFT_ASSET_SYMBOL_EXTENSIONS = YES;
				CLANG_ANALYZER_NONNULL = YES;
				CLANG_ANALYZER_NUMBER_OBJECT_CONVERSION = YES_AGGRESSIVE;
				CLANG_CXX_LANGUAGE_STANDARD = "gnu++20";
				CLANG_ENABLE_MODULES = YES;
				CLANG_ENABLE_OBJC_ARC = YES;
				CLANG_ENABLE_OBJC_WEAK = YES;
				CLANG_WARN_BLOCK_CAPTURE_AUTORELEASING = YES;
				CLANG_WARN_BOOL_CONVERSION = YES;
				CLANG_WARN_COMMA = YES;
				CLANG_WARN_CONSTANT_CONVERSION = YES;
				CLANG_WARN_DEPRECATED_OBJC_IMPLEMENTATIONS = YES;
				CLANG_WARN_DIRECT_OBJC_ISA_USAGE = YES_ERROR;
				CLANG_WARN_DOCUMENTATION_COMMENTS = YES;
				CLANG_WARN_EMPTY_BODY = YES;
				CLANG_WARN_ENUM_CONVERSION = YES;
				CLANG_WARN_INFINITE_RECURSION = YES;
				CLANG_WARN_INT_CONVERSION = YES;
				CLANG_WARN_NON_LITERAL_NULL_CONVERSION = YES;
				CLANG_WARN_OBJC_IMPLICIT_RETAIN_SELF = YES;
				CLANG_WARN_OBJC_LITERAL_CONVERSION = YES;
				CLANG_WARN_OBJC_ROOT_CLASS = YES_ERROR;
				CLANG_WARN_QUOTED_INCLUDE_IN_FRAMEWORK_HEADER = YES;
				CLANG_WARN_RANGE_LOOP_ANALYSIS = YES;
				CLANG_WARN_STRICT_PROTOTYPES = YES;
				CLANG_WARN_SUSPICIOUS_MOVE = YES;
				CLANG_WARN_UNGUARDED_AVAILABILITY = YES_AGGRESSIVE;
				CLANG_WARN_UNREACHABLE_CODE = YES;
				CLANG_WARN__DUPLICATE_METHOD_MATCH = YES;
				COPY_PHASE_STRIP = NO;
				DEBUG_INFORMATION_FORMAT = "dwarf-with-dsym";
				ENABLE_NS_ASSERTIONS = NO;
				ENABLE_STRICT_OBJC_MSGSEND = YES;
				ENABLE_USER_SCRIPT_SANDBOXING = YES;
				GCC_C_LANGUAGE_STANDARD = gnu17;
				GCC_NO_COMMON_BLOCKS = YES;
				GCC_WARN_64_TO_32_BIT_CONVERSION = YES;
				GCC_WARN_ABOUT_RETURN_TYPE = YES_ERROR;
				GCC_WARN_UNDECLARED_SELECTOR = YES;
				GCC_WARN_UNINITIALIZED_AUTOS = YES_AGGRESSIVE;
				GCC_WARN_UNUSED_FUNCTION = YES;
				GCC_WARN_UNUSED_VARIABLE = YES;
				IPHONEOS_DEPLOYMENT_TARGET = 17.5;
				LOCALIZATION_PREFERS_STRING_CATALOGS = YES;
				MTL_ENABLE_DEBUG_INFO = NO;
				MTL_FAST_MATH = YES;
				SDKROOT = iphoneos;
				SWIFT_COMPILATION_MODE = wholemodule;
				VALIDATE_PRODUCT = YES;
			};
			name = Release;
		};
		C401CA6F2C98B68900A5BC9C /* Debug */ = {
			isa = XCBuildConfiguration;
			buildSettings = {
				ASSETCATALOG_COMPILER_APPICON_NAME = AppIcon;
				ASSETCATALOG_COMPILER_GLOBAL_ACCENT_COLOR_NAME = AccentColor;
				CODE_SIGN_STYLE = Automatic;
				CURRENT_PROJECT_VERSION = 1;
				DEVELOPMENT_ASSET_PATHS = "\"PIXELife/Preview Content\"";
				DEVELOPMENT_TEAM = BS839KG766;
				ENABLE_PREVIEWS = YES;
				GENERATE_INFOPLIST_FILE = YES;
				INFOPLIST_FILE = PIXELife/Info.plist;
				INFOPLIST_KEY_UIApplicationSceneManifest_Generation = YES;
				INFOPLIST_KEY_UIApplicationSupportsIndirectInputEvents = YES;
				INFOPLIST_KEY_UILaunchScreen_Generation = YES;
				INFOPLIST_KEY_UISupportedInterfaceOrientations = UIInterfaceOrientationPortrait;
				LD_RUNPATH_SEARCH_PATHS = (
					"$(inherited)",
					"@executable_path/Frameworks",
				);
				MARKETING_VERSION = 1.0;
				PRODUCT_BUNDLE_IDENTIFIER = JG.PIXELife;
				PRODUCT_NAME = "$(TARGET_NAME)";
				SWIFT_EMIT_LOC_STRINGS = YES;
				SWIFT_VERSION = 5.0;
				TARGETED_DEVICE_FAMILY = "1,2";
			};
			name = Debug;
		};
		C401CA702C98B68900A5BC9C /* Release */ = {
			isa = XCBuildConfiguration;
			buildSettings = {
				ASSETCATALOG_COMPILER_APPICON_NAME = AppIcon;
				ASSETCATALOG_COMPILER_GLOBAL_ACCENT_COLOR_NAME = AccentColor;
				CODE_SIGN_STYLE = Automatic;
				CURRENT_PROJECT_VERSION = 1;
				DEVELOPMENT_ASSET_PATHS = "\"PIXELife/Preview Content\"";
				DEVELOPMENT_TEAM = BS839KG766;
				ENABLE_PREVIEWS = YES;
				GENERATE_INFOPLIST_FILE = YES;
				INFOPLIST_FILE = PIXELife/Info.plist;
				INFOPLIST_KEY_UIApplicationSceneManifest_Generation = YES;
				INFOPLIST_KEY_UIApplicationSupportsIndirectInputEvents = YES;
				INFOPLIST_KEY_UILaunchScreen_Generation = YES;
				INFOPLIST_KEY_UISupportedInterfaceOrientations = UIInterfaceOrientationPortrait;
				LD_RUNPATH_SEARCH_PATHS = (
					"$(inherited)",
					"@executable_path/Frameworks",
				);
				MARKETING_VERSION = 1.0;
				PRODUCT_BUNDLE_IDENTIFIER = JG.PIXELife;
				PRODUCT_NAME = "$(TARGET_NAME)";
				SWIFT_EMIT_LOC_STRINGS = YES;
				SWIFT_VERSION = 5.0;
				TARGETED_DEVICE_FAMILY = "1,2";
			};
			name = Release;
		};
		C401CA722C98B68900A5BC9C /* Debug */ = {
			isa = XCBuildConfiguration;
			buildSettings = {
				ALWAYS_EMBED_SWIFT_STANDARD_LIBRARIES = YES;
				BUNDLE_LOADER = "$(TEST_HOST)";
				CODE_SIGN_STYLE = Automatic;
				CURRENT_PROJECT_VERSION = 1;
				DEVELOPMENT_TEAM = BS839KG766;
				GENERATE_INFOPLIST_FILE = YES;
				IPHONEOS_DEPLOYMENT_TARGET = 17.5;
				MARKETING_VERSION = 1.0;
				PRODUCT_BUNDLE_IDENTIFIER = JG.PIXELifeTests;
				PRODUCT_NAME = "$(TARGET_NAME)";
				SWIFT_EMIT_LOC_STRINGS = NO;
				SWIFT_VERSION = 5.0;
				TARGETED_DEVICE_FAMILY = "1,2";
				TEST_HOST = "$(BUILT_PRODUCTS_DIR)/PIXELife.app/$(BUNDLE_EXECUTABLE_FOLDER_PATH)/PIXELife";
			};
			name = Debug;
		};
		C401CA732C98B68900A5BC9C /* Release */ = {
			isa = XCBuildConfiguration;
			buildSettings = {
				ALWAYS_EMBED_SWIFT_STANDARD_LIBRARIES = YES;
				BUNDLE_LOADER = "$(TEST_HOST)";
				CODE_SIGN_STYLE = Automatic;
				CURRENT_PROJECT_VERSION = 1;
				DEVELOPMENT_TEAM = BS839KG766;
				GENERATE_INFOPLIST_FILE = YES;
				IPHONEOS_DEPLOYMENT_TARGET = 17.5;
				MARKETING_VERSION = 1.0;
				PRODUCT_BUNDLE_IDENTIFIER = JG.PIXELifeTests;
				PRODUCT_NAME = "$(TARGET_NAME)";
				SWIFT_EMIT_LOC_STRINGS = NO;
				SWIFT_VERSION = 5.0;
				TARGETED_DEVICE_FAMILY = "1,2";
				TEST_HOST = "$(BUILT_PRODUCTS_DIR)/PIXELife.app/$(BUNDLE_EXECUTABLE_FOLDER_PATH)/PIXELife";
			};
			name = Release;
		};
		C401CA752C98B68900A5BC9C /* Debug */ = {
			isa = XCBuildConfiguration;
			buildSettings = {
				ALWAYS_EMBED_SWIFT_STANDARD_LIBRARIES = YES;
				CODE_SIGN_STYLE = Automatic;
				CURRENT_PROJECT_VERSION = 1;
				DEVELOPMENT_TEAM = BS839KG766;
				GENERATE_INFOPLIST_FILE = YES;
				MARKETING_VERSION = 1.0;
				PRODUCT_BUNDLE_IDENTIFIER = JG.PIXELifeUITests;
				PRODUCT_NAME = "$(TARGET_NAME)";
				SWIFT_EMIT_LOC_STRINGS = NO;
				SWIFT_VERSION = 5.0;
				TARGETED_DEVICE_FAMILY = "1,2";
				TEST_TARGET_NAME = PIXELife;
			};
			name = Debug;
		};
		C401CA762C98B68900A5BC9C /* Release */ = {
			isa = XCBuildConfiguration;
			buildSettings = {
				ALWAYS_EMBED_SWIFT_STANDARD_LIBRARIES = YES;
				CODE_SIGN_STYLE = Automatic;
				CURRENT_PROJECT_VERSION = 1;
				DEVELOPMENT_TEAM = BS839KG766;
				GENERATE_INFOPLIST_FILE = YES;
				MARKETING_VERSION = 1.0;
				PRODUCT_BUNDLE_IDENTIFIER = JG.PIXELifeUITests;
				PRODUCT_NAME = "$(TARGET_NAME)";
				SWIFT_EMIT_LOC_STRINGS = NO;
				SWIFT_VERSION = 5.0;
				TARGETED_DEVICE_FAMILY = "1,2";
				TEST_TARGET_NAME = PIXELife;
			};
			name = Release;
		};
/* End XCBuildConfiguration section */

/* Begin XCConfigurationList section */
		C401CA452C98B68800A5BC9C /* Build configuration list for PBXProject "PIXELife" */ = {
			isa = XCConfigurationList;
			buildConfigurations = (
				C401CA6C2C98B68900A5BC9C /* Debug */,
				C401CA6D2C98B68900A5BC9C /* Release */,
			);
			defaultConfigurationIsVisible = 0;
			defaultConfigurationName = Release;
		};
		C401CA6E2C98B68900A5BC9C /* Build configuration list for PBXNativeTarget "PIXELife" */ = {
			isa = XCConfigurationList;
			buildConfigurations = (
				C401CA6F2C98B68900A5BC9C /* Debug */,
				C401CA702C98B68900A5BC9C /* Release */,
			);
			defaultConfigurationIsVisible = 0;
			defaultConfigurationName = Release;
		};
		C401CA712C98B68900A5BC9C /* Build configuration list for PBXNativeTarget "PIXELifeTests" */ = {
			isa = XCConfigurationList;
			buildConfigurations = (
				C401CA722C98B68900A5BC9C /* Debug */,
				C401CA732C98B68900A5BC9C /* Release */,
			);
			defaultConfigurationIsVisible = 0;
			defaultConfigurationName = Release;
		};
		C401CA742C98B68900A5BC9C /* Build configuration list for PBXNativeTarget "PIXELifeUITests" */ = {
			isa = XCConfigurationList;
			buildConfigurations = (
				C401CA752C98B68900A5BC9C /* Debug */,
				C401CA762C98B68900A5BC9C /* Release */,
			);
			defaultConfigurationIsVisible = 0;
			defaultConfigurationName = Release;
		};
/* End XCConfigurationList section */

/* Begin XCRemoteSwiftPackageReference section */
		C4E29BD32D195076003B9DFB /* XCRemoteSwiftPackageReference "firebase-ios-sdk" */ = {
			isa = XCRemoteSwiftPackageReference;
			repositoryURL = "https://github.com/firebase/firebase-ios-sdk";
			requirement = {
				kind = upToNextMajorVersion;
				minimumVersion = 11.6.0;
			};
		};
/* End XCRemoteSwiftPackageReference section */

/* Begin XCSwiftPackageProductDependency section */
		C4E29BD42D19519B003B9DFB /* FirebaseAuth */ = {
			isa = XCSwiftPackageProductDependency;
			package = C4E29BD32D195076003B9DFB /* XCRemoteSwiftPackageReference "firebase-ios-sdk" */;
			productName = FirebaseAuth;
		};
		C4E29BD62D19519B003B9DFB /* FirebaseFirestore */ = {
			isa = XCSwiftPackageProductDependency;
			package = C4E29BD32D195076003B9DFB /* XCRemoteSwiftPackageReference "firebase-ios-sdk" */;
			productName = FirebaseFirestore;
		};
/* End XCSwiftPackageProductDependency section */
	};
	rootObject = C401CA422C98B68800A5BC9C /* Project object */;
}
